Microsoft Visual Studio Solution File, Format Version 12.00
# Visual Studio Version 17
VisualStudioVersion = 17.5.2.0
MinimumVisualStudioVersion = 10.0.40219.1
Project("{FAE04EC0-301F-11D3-BF4B-00C04F79EFBC}") = "CreateRoadmapADO", "CreateRoadmapADO.csproj", "{A17B173E-235C-2B32-6703-1962F6B3B89E}"
EndProject
Global
	GlobalSection(SolutionConfigurationPlatforms) = preSolution
		Debug|Any CPU = Debug|Any CPU
		Release|Any CPU = Release|Any CPU
	EndGlobalSection
	GlobalSection(ProjectConfigurationPlatforms) = postSolution
		{A17B173E-235C-2B32-6703-1962F6B3B89E}.Debug|Any CPU.ActiveCfg = Debug|Any CPU
		{A17B173E-235C-2B32-6703-1962F6B3B89E}.Debug|Any CPU.Build.0 = Debug|Any CPU
		{A17B173E-235C-2B32-6703-1962F6B3B89E}.Release|Any CPU.ActiveCfg = Release|Any CPU
		{A17B173E-235C-2B32-6703-1962F6B3B89E}.Release|Any CPU.Build.0 = Release|Any CPU
	EndGlobalSection
	GlobalSection(SolutionProperties) = preSolution
		HideSolutionNode = FALSE
	EndGlobalSection
	GlobalSection(ExtensibilityGlobals) = postSolution
		SolutionGuid = {44C9D7DE-5820-4CA8-8B3D-ED876966B9C1}
	EndGlobalSection
EndGlobal
